
Microsoft Visual Studio Solution File, Format Version 12.00
# Visual Studio 14
VisualStudioVersion = 14.0.23107.0
MinimumVisualStudioVersion = 10.0.40219.1
Project("{2150E333-8FDC-42A3-9474-1A3956D46DE8}") = "src", "src", "{DE5D6473-C3A0-49F6-A058-3B50EE389D57}"
EndProject
Project("{2150E333-8FDC-42A3-9474-1A3956D46DE8}") = "Solution Items", "Solution Items", "{CB8F7805-7F5F-48EC-B8D8-8EFFF2C4DAE7}"
	ProjectSection(SolutionItems) = preProject
		global.json = global.json
		NuGet.Config = NuGet.Config
	EndProjectSection
EndProject
Project("{8BB2217D-0F2D-49D1-97BC-3654ED321F3B}") = "ConvertModelBinderSample", "samples\ConvertModelBinderSample\ConvertModelBinderSample.xproj", "{B74C4374-7800-431B-ADD4-90FEA4FCD295}"
EndProject
Project("{8BB2217D-0F2D-49D1-97BC-3654ED321F3B}") = "ConvertModelBinder", "src\ConvertModelBinder\ConvertModelBinder.xproj", "{228C14F7-9163-40CA-A616-9C88FE653297}"
EndProject
Global
	GlobalSection(SolutionConfigurationPlatforms) = preSolution
		Debug|Any CPU = Debug|Any CPU
		Release|Any CPU = Release|Any CPU
	EndGlobalSection
	GlobalSection(ProjectConfigurationPlatforms) = postSolution
		{B74C4374-7800-431B-ADD4-90FEA4FCD295}.Debug|Any CPU.ActiveCfg = Debug|Any CPU
		{B74C4374-7800-431B-ADD4-90FEA4FCD295}.Debug|Any CPU.Build.0 = Debug|Any CPU
		{B74C4374-7800-431B-ADD4-90FEA4FCD295}.Release|Any CPU.ActiveCfg = Release|Any CPU
		{B74C4374-7800-431B-ADD4-90FEA4FCD295}.Release|Any CPU.Build.0 = Release|Any CPU
		{228C14F7-9163-40CA-A616-9C88FE653297}.Debug|Any CPU.ActiveCfg = Debug|Any CPU
		{228C14F7-9163-40CA-A616-9C88FE653297}.Debug|Any CPU.Build.0 = Debug|Any CPU
		{228C14F7-9163-40CA-A616-9C88FE653297}.Release|Any CPU.ActiveCfg = Release|Any CPU
		{228C14F7-9163-40CA-A616-9C88FE653297}.Release|Any CPU.Build.0 = Release|Any CPU
	EndGlobalSection
	GlobalSection(SolutionProperties) = preSolution
		HideSolutionNode = FALSE
	EndGlobalSection
	GlobalSection(NestedProjects) = preSolution
		{B74C4374-7800-431B-ADD4-90FEA4FCD295} = {DE5D6473-C3A0-49F6-A058-3B50EE389D57}
		{228C14F7-9163-40CA-A616-9C88FE653297} = {DE5D6473-C3A0-49F6-A058-3B50EE389D57}
	EndGlobalSection
EndGlobal
